
Microsoft Visual Studio Solution File, Format Version 12.00
# Visual Studio Version 17
VisualStudioVersion = 17.14.36518.9 d17.14
MinimumVisualStudioVersion = 10.0.40219.1
Project("{FAE04EC0-301F-11D3-BF4B-00C04F79EFBC}") = "SteadyFlow.Resilience", "SteadyFlow.Resilience\SteadyFlow.Resilience.csproj", "{6188E6BA-8096-431C-908D-C3F151C6341C}"
EndProject
Project("{FAE04EC0-301F-11D3-BF4B-00C04F79EFBC}") = "SteadyFlow.Resilience.Tests", "SteadyFlow.Resilience.Tests\SteadyFlow.Resilience.Tests.csproj", "{282B393E-1E7D-44F3-8BCD-CC4F212E8519}"
EndProject
Global
	GlobalSection(SolutionConfigurationPlatforms) = preSolution
		Debug|Any CPU = Debug|Any CPU
		Release|Any CPU = Release|Any CPU
	EndGlobalSection
	GlobalSection(ProjectConfigurationPlatforms) = postSolution
		{6188E6BA-8096-431C-908D-C3F151C6341C}.Debug|Any CPU.ActiveCfg = Debug|Any CPU
		{6188E6BA-8096-431C-908D-C3F151C6341C}.Debug|Any CPU.Build.0 = Debug|Any CPU
		{6188E6BA-8096-431C-908D-C3F151C6341C}.Release|Any CPU.ActiveCfg = Release|Any CPU
		{6188E6BA-8096-431C-908D-C3F151C6341C}.Release|Any CPU.Build.0 = Release|Any CPU
		{282B393E-1E7D-44F3-8BCD-CC4F212E8519}.Debug|Any CPU.ActiveCfg = Debug|Any CPU
		{282B393E-1E7D-44F3-8BCD-CC4F212E8519}.Debug|Any CPU.Build.0 = Debug|Any CPU
		{282B393E-1E7D-44F3-8BCD-CC4F212E8519}.Release|Any CPU.ActiveCfg = Release|Any CPU
		{282B393E-1E7D-44F3-8BCD-CC4F212E8519}.Release|Any CPU.Build.0 = Release|Any CPU
	EndGlobalSection
	GlobalSection(SolutionProperties) = preSolution
		HideSolutionNode = FALSE
	EndGlobalSection
	GlobalSection(ExtensibilityGlobals) = postSolution
		SolutionGuid = {C0F521CC-0575-4281-8207-812BE5A39C55}
	EndGlobalSection
EndGlobal
